
Microsoft Visual Studio Solution File, Format Version 12.00
# Visual Studio Version 17
VisualStudioVersion = 17.5.2.0
MinimumVisualStudioVersion = 10.0.40219.1
Project("{FAE04EC0-301F-11D3-BF4B-00C04F79EFBC}") = "DevResourceAPI", "DevResourceAPI.csproj", "{BC7232F5-2118-D951-21D9-E4A28D626BD8}"
EndProject
Project("{FAE04EC0-301F-11D3-BF4B-00C04F79EFBC}") = "DevResourceAPI.Tests", "DevResourceAPI.Tests\DevResourceAPI.Tests.csproj", "{7F570EC2-ABC3-4BA5-AF2C-B9C876102E58}"
EndProject
Global
	GlobalSection(SolutionConfigurationPlatforms) = preSolution
		Debug|Any CPU = Debug|Any CPU
		Debug|x64 = Debug|x64
		Debug|x86 = Debug|x86
		Release|Any CPU = Release|Any CPU
		Release|x64 = Release|x64
		Release|x86 = Release|x86
	EndGlobalSection
	GlobalSection(ProjectConfigurationPlatforms) = postSolution
		{BC7232F5-2118-D951-21D9-E4A28D626BD8}.Debug|Any CPU.ActiveCfg = Debug|Any CPU
		{BC7232F5-2118-D951-21D9-E4A28D626BD8}.Debug|Any CPU.Build.0 = Debug|Any CPU
		{BC7232F5-2118-D951-21D9-E4A28D626BD8}.Debug|x64.ActiveCfg = Debug|Any CPU
		{BC7232F5-2118-D951-21D9-E4A28D626BD8}.Debug|x64.Build.0 = Debug|Any CPU
		{BC7232F5-2118-D951-21D9-E4A28D626BD8}.Debug|x86.ActiveCfg = Debug|Any CPU
		{BC7232F5-2118-D951-21D9-E4A28D626BD8}.Debug|x86.Build.0 = Debug|Any CPU
		{BC7232F5-2118-D951-21D9-E4A28D626BD8}.Release|Any CPU.ActiveCfg = Release|Any CPU
		{BC7232F5-2118-D951-21D9-E4A28D626BD8}.Release|Any CPU.Build.0 = Release|Any CPU
		{BC7232F5-2118-D951-21D9-E4A28D626BD8}.Release|x64.ActiveCfg = Release|Any CPU
		{BC7232F5-2118-D951-21D9-E4A28D626BD8}.Release|x64.Build.0 = Release|Any CPU
		{BC7232F5-2118-D951-21D9-E4A28D626BD8}.Release|x86.ActiveCfg = Release|Any CPU
		{BC7232F5-2118-D951-21D9-E4A28D626BD8}.Release|x86.Build.0 = Release|Any CPU
		{7F570EC2-ABC3-4BA5-AF2C-B9C876102E58}.Debug|Any CPU.ActiveCfg = Debug|Any CPU
		{7F570EC2-ABC3-4BA5-AF2C-B9C876102E58}.Debug|Any CPU.Build.0 = Debug|Any CPU
		{7F570EC2-ABC3-4BA5-AF2C-B9C876102E58}.Debug|x64.ActiveCfg = Debug|Any CPU
		{7F570EC2-ABC3-4BA5-AF2C-B9C876102E58}.Debug|x64.Build.0 = Debug|Any CPU
		{7F570EC2-ABC3-4BA5-AF2C-B9C876102E58}.Debug|x86.ActiveCfg = Debug|Any CPU
		{7F570EC2-ABC3-4BA5-AF2C-B9C876102E58}.Debug|x86.Build.0 = Debug|Any CPU
		{7F570EC2-ABC3-4BA5-AF2C-B9C876102E58}.Release|Any CPU.ActiveCfg = Release|Any CPU
		{7F570EC2-ABC3-4BA5-AF2C-B9C876102E58}.Release|Any CPU.Build.0 = Release|Any CPU
		{7F570EC2-ABC3-4BA5-AF2C-B9C876102E58}.Release|x64.ActiveCfg = Release|Any CPU
		{7F570EC2-ABC3-4BA5-AF2C-B9C876102E58}.Release|x64.Build.0 = Release|Any CPU
		{7F570EC2-ABC3-4BA5-AF2C-B9C876102E58}.Release|x86.ActiveCfg = Release|Any CPU
		{7F570EC2-ABC3-4BA5-AF2C-B9C876102E58}.Release|x86.Build.0 = Release|Any CPU
	EndGlobalSection
	GlobalSection(SolutionProperties) = preSolution
		HideSolutionNode = FALSE
	EndGlobalSection
	GlobalSection(ExtensibilityGlobals) = postSolution
		SolutionGuid = {3058059D-1A2C-4592-8E19-8166D6703637}
	EndGlobalSection
EndGlobal
